
Microsoft Visual Studio Solution File, Format Version 12.00
# Visual Studio 15
VisualStudioVersion = 15.0.26730.12
MinimumVisualStudioVersion = 10.0.40219.1
Project("{FAE04EC0-301F-11D3-BF4B-00C04F79EFBC}") = "EatHealthy", "EatHealthy\EatHealthy.csproj", "{F589D0D5-75D9-4D9A-BE83-217BC3CC18B1}"
EndProject
Global
	GlobalSection(SolutionConfigurationPlatforms) = preSolution
		Debug|Any CPU = Debug|Any CPU
		Release|Any CPU = Release|Any CPU
	EndGlobalSection
	GlobalSection(ProjectConfigurationPlatforms) = postSolution
		{F589D0D5-75D9-4D9A-BE83-217BC3CC18B1}.Debug|Any CPU.ActiveCfg = Debug|Any CPU
		{F589D0D5-75D9-4D9A-BE83-217BC3CC18B1}.Debug|Any CPU.Build.0 = Debug|Any CPU
		{F589D0D5-75D9-4D9A-BE83-217BC3CC18B1}.Release|Any CPU.ActiveCfg = Release|Any CPU
		{F589D0D5-75D9-4D9A-BE83-217BC3CC18B1}.Release|Any CPU.Build.0 = Release|Any CPU
	EndGlobalSection
	GlobalSection(SolutionProperties) = preSolution
		HideSolutionNode = FALSE
	EndGlobalSection
	GlobalSection(ExtensibilityGlobals) = postSolution
		SolutionGuid = {A0B30D36-4D67-44BA-A9E1-99D3A318B7D7}
	EndGlobalSection
EndGlobal
